
Microsoft Visual Studio Solution File, Format Version 12.00
# Visual Studio Version 16
VisualStudioVersion = 16.0.30503.244
MinimumVisualStudioVersion = 10.0.40219.1
Project("{8BC9CEB8-8B4A-11D0-8D11-00A0C91BC942}") = "simple-audio", "simple-audio\simple-audio.vcxproj", "{EB5288BC-36D6-4877-B669-2DA14AD510E2}"
EndProject
Project("{8BC9CEB8-8B4A-11D0-8D11-00A0C91BC942}") = "simple-audio-test", "simple-audio-test\simple-audio-test.vcxproj", "{B4087882-D2B8-445F-A7AE-C355F77A1DF9}"
EndProject
Project("{2150E333-8FDC-42A3-9474-1A3956D46DE8}") = "Solution Items", "Solution Items", "{D59222CC-82D9-4207-BF27-17E2D1166174}"
	ProjectSection(SolutionItems) = preProject
		.gitignore = .gitignore
		.github\workflows\main.yml = .github\workflows\main.yml
		README.md = README.md
	EndProjectSection
EndProject
Global
	GlobalSection(SolutionConfigurationPlatforms) = preSolution
		Debug|x64 = Debug|x64
		Debug|x86 = Debug|x86
		MT|x64 = MT|x64
		MT|x86 = MT|x86
		MTd|x64 = MTd|x64
		MTd|x86 = MTd|x86
		Release|x64 = Release|x64
		Release|x86 = Release|x86
	EndGlobalSection
	GlobalSection(ProjectConfigurationPlatforms) = postSolution
		{EB5288BC-36D6-4877-B669-2DA14AD510E2}.Debug|x64.ActiveCfg = Debug|x64
		{EB5288BC-36D6-4877-B669-2DA14AD510E2}.Debug|x64.Build.0 = Debug|x64
		{EB5288BC-36D6-4877-B669-2DA14AD510E2}.Debug|x86.ActiveCfg = Debug|Win32
		{EB5288BC-36D6-4877-B669-2DA14AD510E2}.Debug|x86.Build.0 = Debug|Win32
		{EB5288BC-36D6-4877-B669-2DA14AD510E2}.MT|x64.ActiveCfg = MT|x64
		{EB5288BC-36D6-4877-B669-2DA14AD510E2}.MT|x64.Build.0 = MT|x64
		{EB5288BC-36D6-4877-B669-2DA14AD510E2}.MT|x86.ActiveCfg = MT|Win32
		{EB5288BC-36D6-4877-B669-2DA14AD510E2}.MT|x86.Build.0 = MT|Win32
		{EB5288BC-36D6-4877-B669-2DA14AD510E2}.MTd|x64.ActiveCfg = MTd|x64
		{EB5288BC-36D6-4877-B669-2DA14AD510E2}.MTd|x64.Build.0 = MTd|x64
		{EB5288BC-36D6-4877-B669-2DA14AD510E2}.MTd|x86.ActiveCfg = MTd|Win32
		{EB5288BC-36D6-4877-B669-2DA14AD510E2}.MTd|x86.Build.0 = MTd|Win32
		{EB5288BC-36D6-4877-B669-2DA14AD510E2}.Release|x64.ActiveCfg = Release|x64
		{EB5288BC-36D6-4877-B669-2DA14AD510E2}.Release|x64.Build.0 = Release|x64
		{EB5288BC-36D6-4877-B669-2DA14AD510E2}.Release|x86.ActiveCfg = Release|Win32
		{EB5288BC-36D6-4877-B669-2DA14AD510E2}.Release|x86.Build.0 = Release|Win32
		{B4087882-D2B8-445F-A7AE-C355F77A1DF9}.Debug|x64.ActiveCfg = Debug|x64
		{B4087882-D2B8-445F-A7AE-C355F77A1DF9}.Debug|x64.Build.0 = Debug|x64
		{B4087882-D2B8-445F-A7AE-C355F77A1DF9}.Debug|x86.ActiveCfg = Debug|Win32
		{B4087882-D2B8-445F-A7AE-C355F77A1DF9}.Debug|x86.Build.0 = Debug|Win32
		{B4087882-D2B8-445F-A7AE-C355F77A1DF9}.MT|x64.ActiveCfg = MT|x64
		{B4087882-D2B8-445F-A7AE-C355F77A1DF9}.MT|x64.Build.0 = MT|x64
		{B4087882-D2B8-445F-A7AE-C355F77A1DF9}.MT|x86.ActiveCfg = MT|Win32
		{B4087882-D2B8-445F-A7AE-C355F77A1DF9}.MT|x86.Build.0 = MT|Win32
		{B4087882-D2B8-445F-A7AE-C355F77A1DF9}.MTd|x64.ActiveCfg = MTd|x64
		{B4087882-D2B8-445F-A7AE-C355F77A1DF9}.MTd|x64.Build.0 = MTd|x64
		{B4087882-D2B8-445F-A7AE-C355F77A1DF9}.MTd|x86.ActiveCfg = MTd|Win32
		{B4087882-D2B8-445F-A7AE-C355F77A1DF9}.MTd|x86.Build.0 = MTd|Win32
		{B4087882-D2B8-445F-A7AE-C355F77A1DF9}.Release|x64.ActiveCfg = Release|x64
		{B4087882-D2B8-445F-A7AE-C355F77A1DF9}.Release|x64.Build.0 = Release|x64
		{B4087882-D2B8-445F-A7AE-C355F77A1DF9}.Release|x86.ActiveCfg = Release|Win32
		{B4087882-D2B8-445F-A7AE-C355F77A1DF9}.Release|x86.Build.0 = Release|Win32
	EndGlobalSection
	GlobalSection(SolutionProperties) = preSolution
		HideSolutionNode = FALSE
	EndGlobalSection
	GlobalSection(ExtensibilityGlobals) = postSolution
		SolutionGuid = {91BD2DC8-0E31-4047-BD89-EF08087AEB73}
	EndGlobalSection
EndGlobal
