<?xml version="1.0" encoding="utf-8"?>
<Project ToolsVersion="4.0" xmlns="http://schemas.microsoft.com/developer/msbuild/2003">
  <ItemGroup>
    <Filter Include="Bass">
      <UniqueIdentifier>{93995380-89BD-4b04-88EB-625FBE52EBFB}</UniqueIdentifier>
      <Extensions>h;hpp;hxx;hm;inl;inc;xsd</Extensions>
    </Filter>
    <Filter Include="Bass\x64">
      <UniqueIdentifier>{16730106-52c4-4b52-b4a6-390bd00f9006}</UniqueIdentifier>
    </Filter>
    <Filter Include="Bass\x86">
      <UniqueIdentifier>{c3260b95-de73-4ada-aeb3-4c1858d16ca3}</UniqueIdentifier>
    </Filter>
  </ItemGroup>
  <ItemGroup>
    <None Include="..\bass24\x64\bass.dll">
      <Filter>Bass\x64</Filter>
    </None>
    <None Include="..\bass24\bass.dll">
      <Filter>Bass\x86</Filter>
    </None>
  </ItemGroup>
  <ItemGroup>
    <ClInclude Include="..\bass24\bass.h">
      <Filter>Bass</Filter>
    </ClInclude>
    <ClInclude Include="Music.h" />
  </ItemGroup>
  <ItemGroup>
    <Library Include="..\bass24\bass.lib">
      <Filter>Bass\x86</Filter>
    </Library>
    <Library Include="..\bass24\x64\bass.lib">
      <Filter>Bass\x64</Filter>
    </Library>
  </ItemGroup>
  <ItemGroup>
    <ClCompile Include="Music.cpp" />
  </ItemGroup>
</Project>